
Microsoft Visual Studio Solution File, Format Version 12.00
# Visual Studio 15
VisualStudioVersion = 15.0.28307.102
MinimumVisualStudioVersion = 10.0.40219.1
Project("{2150E333-8FDC-42A3-9474-1A3956D46DE8}") = "Identity", "Identity", "{92D5A5DA-E27F-4718-B901-B5465B8D9C6C}"
EndProject
Project("{2150E333-8FDC-42A3-9474-1A3956D46DE8}") = "Authentication", "Authentication", "{0CCC3585-FB1B-41BD-B78F-4BFBADBF491D}"
EndProject
Project("{2150E333-8FDC-42A3-9474-1A3956D46DE8}") = "Authorization", "Authorization", "{9DE0EEF0-1558-4587-B2E7-E75D2A472092}"
EndProject
Project("{2150E333-8FDC-42A3-9474-1A3956D46DE8}") = "Solution Items", "Solution Items", "{0CFFDE1F-79D4-477B-B86B-78F2E0B69521}"
	ProjectSection(SolutionItems) = preProject
		TODO.txt = TODO.txt
	EndProjectSection
EndProject
Project("{2150E333-8FDC-42A3-9474-1A3956D46DE8}") = "Tests", "Tests", "{78CF0C7F-FFC8-44C4-9197-AC082F76A70A}"
EndProject
Project("{2150E333-8FDC-42A3-9474-1A3956D46DE8}") = "Logon", "Logon", "{758DD22C-EEE8-4B00-93AF-13AA890A183F}"
EndProject
Project("{2150E333-8FDC-42A3-9474-1A3956D46DE8}") = "Communication", "Communication", "{53D6054A-0973-4464-835B-67CDC0DD0361}"
EndProject
Project("{2150E333-8FDC-42A3-9474-1A3956D46DE8}") = "Common", "Common", "{2C178FA7-12D3-498E-836D-EB461745C5C2}"
EndProject
Project("{9A19103F-16F7-4668-BE54-9A1E7A4F7556}") = "Axis.Pollux.Identity", "Axis.Pollux.Identity\Axis.Pollux.Identity.csproj", "{A2094E54-8A23-4EBD-93C5-72E0BA5ADC0D}"
EndProject
Project("{9A19103F-16F7-4668-BE54-9A1E7A4F7556}") = "Axis.Pollux.Common", "Axis.Pollux.Common\Axis.Pollux.Common.csproj", "{9602B636-45F8-4309-9B83-E754481AD5FC}"
EndProject
Project("{9A19103F-16F7-4668-BE54-9A1E7A4F7556}") = "Axis.Pollux.Identity.Services", "Axis.Pollux.Identity.Services\Axis.Pollux.Identity.Services.csproj", "{72C05029-299C-4EF3-8583-C9273C08CDBC}"
EndProject
Project("{9A19103F-16F7-4668-BE54-9A1E7A4F7556}") = "Axis.Pollux.Identity.Tests", "Axis.Pollux.Identity.Tests\Axis.Pollux.Identity.Tests.csproj", "{9BC0F450-3C56-4AAC-9924-84805E04E154}"
EndProject
Project("{9A19103F-16F7-4668-BE54-9A1E7A4F7556}") = "Axis.Pollux.Authorization.Abac", "Axis.Pollux.Authorization.Abac\Axis.Pollux.Authorization.Abac.csproj", "{FC7CE0FB-76C5-43DF-89B4-B4A3F3C60410}"
EndProject
Project("{9A19103F-16F7-4668-BE54-9A1E7A4F7556}") = "Axis.Pollux.Authentication", "Axis.Pollux.Authentication\Axis.Pollux.Authentication.csproj", "{524BFB44-ED83-41BA-9E79-FB7EB180574F}"
EndProject
Project("{9A19103F-16F7-4668-BE54-9A1E7A4F7556}") = "Axis.Pollux.Authentication.Services", "Axis.Pollux.Authentication.Services\Axis.Pollux.Authentication.Services.csproj", "{3C44A2B6-49C4-42A6-B5BB-DCA3537358F6}"
EndProject
Project("{9A19103F-16F7-4668-BE54-9A1E7A4F7556}") = "Axis.Pollux.Communication", "Axis.Pollux.Communication\Axis.Pollux.Communication.csproj", "{8EEF3614-322A-46A5-B3F9-CC342563FDAE}"
EndProject
Project("{9A19103F-16F7-4668-BE54-9A1E7A4F7556}") = "Axis.Pollux.Authentication.UnitTests", "Axis.Pollux.Authentication.UnitTests\Axis.Pollux.Authentication.UnitTests.csproj", "{F9D44908-0CC4-43AF-87B5-32F10EC81F92}"
EndProject
Project("{9A19103F-16F7-4668-BE54-9A1E7A4F7556}") = "Axis.Pollux.Authorization.UnitTests", "Axis.Pollux.Authorization.UnitTests\Axis.Pollux.Authorization.UnitTests.csproj", "{B4362832-8B95-4721-892F-ED2AEC0A84A6}"
EndProject
Project("{2150E333-8FDC-42A3-9474-1A3956D46DE8}") = "Caching", "Caching", "{C07A94BD-84B4-4181-9B6E-8877E2CB4D3C}"
EndProject
Project("{9A19103F-16F7-4668-BE54-9A1E7A4F7556}") = "Axis.Pollux.Common.Caching.Castor", "Axis.Pollux.Common.Caching.Castor\Axis.Pollux.Common.Caching.Castor.csproj", "{B8BA58E4-1B73-48B7-98D0-00283381EE16}"
EndProject
Project("{9A19103F-16F7-4668-BE54-9A1E7A4F7556}") = "Axis.Pollux.Common.Caching.Redis", "Axis.Pollux.Common.Caching.Redis\Axis.Pollux.Common.Caching.Redis.csproj", "{A79A78D5-BA27-4B84-9B19-77086ACF8E20}"
EndProject
Project("{9A19103F-16F7-4668-BE54-9A1E7A4F7556}") = "Axis.Pollux.Logon", "Axis.Pollux.Logon\Axis.Pollux.Logon.csproj", "{3E206D65-AA0D-4768-BF8F-87D7E51ABDCB}"
EndProject
Project("{2150E333-8FDC-42A3-9474-1A3956D46DE8}") = "Serializers", "Serializers", "{DC629B99-A0F1-4214-BE6A-9E90C45C1902}"
EndProject
Project("{9A19103F-16F7-4668-BE54-9A1E7A4F7556}") = "Axis.Pollux.Common.Serializers.NewtonsoftAdapter", "Axis.Pollux.Common.Serializers.NewtonsoftAdapter\Axis.Pollux.Common.Serializers.NewtonsoftAdapter.csproj", "{ECBE38DF-B341-49A8-A527-427072D35DC4}"
EndProject
Project("{9A19103F-16F7-4668-BE54-9A1E7A4F7556}") = "Axis.Pollux.Common.Serializers.NewtonsoftAdapter.Tests", "Axis.Pollux.Common.Serializers.NewtonsoftAdapter.Tests\Axis.Pollux.Common.Serializers.NewtonsoftAdapter.Tests.csproj", "{D21BBC53-BC01-47A5-853B-9CB8C1C673EC}"
EndProject
Project("{9A19103F-16F7-4668-BE54-9A1E7A4F7556}") = "Axis.Pollux.Authorization", "Axis.Pollux.Authorization\Axis.Pollux.Authorization.csproj", "{07BABC3D-F939-4FF7-BECC-8E2561080502}"
EndProject
Global
	GlobalSection(SolutionConfigurationPlatforms) = preSolution
		Debug|Any CPU = Debug|Any CPU
		Release|Any CPU = Release|Any CPU
	EndGlobalSection
	GlobalSection(ProjectConfigurationPlatforms) = postSolution
		{A2094E54-8A23-4EBD-93C5-72E0BA5ADC0D}.Debug|Any CPU.ActiveCfg = Debug|Any CPU
		{A2094E54-8A23-4EBD-93C5-72E0BA5ADC0D}.Debug|Any CPU.Build.0 = Debug|Any CPU
		{A2094E54-8A23-4EBD-93C5-72E0BA5ADC0D}.Release|Any CPU.ActiveCfg = Release|Any CPU
		{A2094E54-8A23-4EBD-93C5-72E0BA5ADC0D}.Release|Any CPU.Build.0 = Release|Any CPU
		{9602B636-45F8-4309-9B83-E754481AD5FC}.Debug|Any CPU.ActiveCfg = Debug|Any CPU
		{9602B636-45F8-4309-9B83-E754481AD5FC}.Debug|Any CPU.Build.0 = Debug|Any CPU
		{9602B636-45F8-4309-9B83-E754481AD5FC}.Release|Any CPU.ActiveCfg = Release|Any CPU
		{9602B636-45F8-4309-9B83-E754481AD5FC}.Release|Any CPU.Build.0 = Release|Any CPU
		{72C05029-299C-4EF3-8583-C9273C08CDBC}.Debug|Any CPU.ActiveCfg = Debug|Any CPU
		{72C05029-299C-4EF3-8583-C9273C08CDBC}.Debug|Any CPU.Build.0 = Debug|Any CPU
		{72C05029-299C-4EF3-8583-C9273C08CDBC}.Release|Any CPU.ActiveCfg = Release|Any CPU
		{72C05029-299C-4EF3-8583-C9273C08CDBC}.Release|Any CPU.Build.0 = Release|Any CPU
		{9BC0F450-3C56-4AAC-9924-84805E04E154}.Debug|Any CPU.ActiveCfg = Debug|Any CPU
		{9BC0F450-3C56-4AAC-9924-84805E04E154}.Debug|Any CPU.Build.0 = Debug|Any CPU
		{9BC0F450-3C56-4AAC-9924-84805E04E154}.Release|Any CPU.ActiveCfg = Release|Any CPU
		{9BC0F450-3C56-4AAC-9924-84805E04E154}.Release|Any CPU.Build.0 = Release|Any CPU
		{FC7CE0FB-76C5-43DF-89B4-B4A3F3C60410}.Debug|Any CPU.ActiveCfg = Debug|Any CPU
		{FC7CE0FB-76C5-43DF-89B4-B4A3F3C60410}.Debug|Any CPU.Build.0 = Debug|Any CPU
		{FC7CE0FB-76C5-43DF-89B4-B4A3F3C60410}.Release|Any CPU.ActiveCfg = Release|Any CPU
		{FC7CE0FB-76C5-43DF-89B4-B4A3F3C60410}.Release|Any CPU.Build.0 = Release|Any CPU
		{524BFB44-ED83-41BA-9E79-FB7EB180574F}.Debug|Any CPU.ActiveCfg = Debug|Any CPU
		{524BFB44-ED83-41BA-9E79-FB7EB180574F}.Debug|Any CPU.Build.0 = Debug|Any CPU
		{524BFB44-ED83-41BA-9E79-FB7EB180574F}.Release|Any CPU.ActiveCfg = Release|Any CPU
		{524BFB44-ED83-41BA-9E79-FB7EB180574F}.Release|Any CPU.Build.0 = Release|Any CPU
		{3C44A2B6-49C4-42A6-B5BB-DCA3537358F6}.Debug|Any CPU.ActiveCfg = Debug|Any CPU
		{3C44A2B6-49C4-42A6-B5BB-DCA3537358F6}.Debug|Any CPU.Build.0 = Debug|Any CPU
		{3C44A2B6-49C4-42A6-B5BB-DCA3537358F6}.Release|Any CPU.ActiveCfg = Release|Any CPU
		{3C44A2B6-49C4-42A6-B5BB-DCA3537358F6}.Release|Any CPU.Build.0 = Release|Any CPU
		{8EEF3614-322A-46A5-B3F9-CC342563FDAE}.Debug|Any CPU.ActiveCfg = Debug|Any CPU
		{8EEF3614-322A-46A5-B3F9-CC342563FDAE}.Debug|Any CPU.Build.0 = Debug|Any CPU
		{8EEF3614-322A-46A5-B3F9-CC342563FDAE}.Release|Any CPU.ActiveCfg = Release|Any CPU
		{8EEF3614-322A-46A5-B3F9-CC342563FDAE}.Release|Any CPU.Build.0 = Release|Any CPU
		{F9D44908-0CC4-43AF-87B5-32F10EC81F92}.Debug|Any CPU.ActiveCfg = Debug|Any CPU
		{F9D44908-0CC4-43AF-87B5-32F10EC81F92}.Debug|Any CPU.Build.0 = Debug|Any CPU
		{F9D44908-0CC4-43AF-87B5-32F10EC81F92}.Release|Any CPU.ActiveCfg = Release|Any CPU
		{F9D44908-0CC4-43AF-87B5-32F10EC81F92}.Release|Any CPU.Build.0 = Release|Any CPU
		{B4362832-8B95-4721-892F-ED2AEC0A84A6}.Debug|Any CPU.ActiveCfg = Debug|Any CPU
		{B4362832-8B95-4721-892F-ED2AEC0A84A6}.Debug|Any CPU.Build.0 = Debug|Any CPU
		{B4362832-8B95-4721-892F-ED2AEC0A84A6}.Release|Any CPU.ActiveCfg = Release|Any CPU
		{B4362832-8B95-4721-892F-ED2AEC0A84A6}.Release|Any CPU.Build.0 = Release|Any CPU
		{B8BA58E4-1B73-48B7-98D0-00283381EE16}.Debug|Any CPU.ActiveCfg = Debug|Any CPU
		{B8BA58E4-1B73-48B7-98D0-00283381EE16}.Debug|Any CPU.Build.0 = Debug|Any CPU
		{B8BA58E4-1B73-48B7-98D0-00283381EE16}.Release|Any CPU.ActiveCfg = Release|Any CPU
		{B8BA58E4-1B73-48B7-98D0-00283381EE16}.Release|Any CPU.Build.0 = Release|Any CPU
		{A79A78D5-BA27-4B84-9B19-77086ACF8E20}.Debug|Any CPU.ActiveCfg = Debug|Any CPU
		{A79A78D5-BA27-4B84-9B19-77086ACF8E20}.Debug|Any CPU.Build.0 = Debug|Any CPU
		{A79A78D5-BA27-4B84-9B19-77086ACF8E20}.Release|Any CPU.ActiveCfg = Release|Any CPU
		{A79A78D5-BA27-4B84-9B19-77086ACF8E20}.Release|Any CPU.Build.0 = Release|Any CPU
		{3E206D65-AA0D-4768-BF8F-87D7E51ABDCB}.Debug|Any CPU.ActiveCfg = Debug|Any CPU
		{3E206D65-AA0D-4768-BF8F-87D7E51ABDCB}.Debug|Any CPU.Build.0 = Debug|Any CPU
		{3E206D65-AA0D-4768-BF8F-87D7E51ABDCB}.Release|Any CPU.ActiveCfg = Release|Any CPU
		{3E206D65-AA0D-4768-BF8F-87D7E51ABDCB}.Release|Any CPU.Build.0 = Release|Any CPU
		{ECBE38DF-B341-49A8-A527-427072D35DC4}.Debug|Any CPU.ActiveCfg = Debug|Any CPU
		{ECBE38DF-B341-49A8-A527-427072D35DC4}.Debug|Any CPU.Build.0 = Debug|Any CPU
		{ECBE38DF-B341-49A8-A527-427072D35DC4}.Release|Any CPU.ActiveCfg = Release|Any CPU
		{ECBE38DF-B341-49A8-A527-427072D35DC4}.Release|Any CPU.Build.0 = Release|Any CPU
		{D21BBC53-BC01-47A5-853B-9CB8C1C673EC}.Debug|Any CPU.ActiveCfg = Debug|Any CPU
		{D21BBC53-BC01-47A5-853B-9CB8C1C673EC}.Debug|Any CPU.Build.0 = Debug|Any CPU
		{D21BBC53-BC01-47A5-853B-9CB8C1C673EC}.Release|Any CPU.ActiveCfg = Release|Any CPU
		{D21BBC53-BC01-47A5-853B-9CB8C1C673EC}.Release|Any CPU.Build.0 = Release|Any CPU
		{07BABC3D-F939-4FF7-BECC-8E2561080502}.Debug|Any CPU.ActiveCfg = Debug|Any CPU
		{07BABC3D-F939-4FF7-BECC-8E2561080502}.Debug|Any CPU.Build.0 = Debug|Any CPU
		{07BABC3D-F939-4FF7-BECC-8E2561080502}.Release|Any CPU.ActiveCfg = Release|Any CPU
		{07BABC3D-F939-4FF7-BECC-8E2561080502}.Release|Any CPU.Build.0 = Release|Any CPU
	EndGlobalSection
	GlobalSection(SolutionProperties) = preSolution
		HideSolutionNode = FALSE
	EndGlobalSection
	GlobalSection(NestedProjects) = preSolution
		{A2094E54-8A23-4EBD-93C5-72E0BA5ADC0D} = {92D5A5DA-E27F-4718-B901-B5465B8D9C6C}
		{9602B636-45F8-4309-9B83-E754481AD5FC} = {2C178FA7-12D3-498E-836D-EB461745C5C2}
		{72C05029-299C-4EF3-8583-C9273C08CDBC} = {92D5A5DA-E27F-4718-B901-B5465B8D9C6C}
		{9BC0F450-3C56-4AAC-9924-84805E04E154} = {92D5A5DA-E27F-4718-B901-B5465B8D9C6C}
		{FC7CE0FB-76C5-43DF-89B4-B4A3F3C60410} = {9DE0EEF0-1558-4587-B2E7-E75D2A472092}
		{524BFB44-ED83-41BA-9E79-FB7EB180574F} = {0CCC3585-FB1B-41BD-B78F-4BFBADBF491D}
		{3C44A2B6-49C4-42A6-B5BB-DCA3537358F6} = {0CCC3585-FB1B-41BD-B78F-4BFBADBF491D}
		{8EEF3614-322A-46A5-B3F9-CC342563FDAE} = {53D6054A-0973-4464-835B-67CDC0DD0361}
		{F9D44908-0CC4-43AF-87B5-32F10EC81F92} = {0CCC3585-FB1B-41BD-B78F-4BFBADBF491D}
		{B4362832-8B95-4721-892F-ED2AEC0A84A6} = {9DE0EEF0-1558-4587-B2E7-E75D2A472092}
		{C07A94BD-84B4-4181-9B6E-8877E2CB4D3C} = {2C178FA7-12D3-498E-836D-EB461745C5C2}
		{B8BA58E4-1B73-48B7-98D0-00283381EE16} = {C07A94BD-84B4-4181-9B6E-8877E2CB4D3C}
		{A79A78D5-BA27-4B84-9B19-77086ACF8E20} = {C07A94BD-84B4-4181-9B6E-8877E2CB4D3C}
		{3E206D65-AA0D-4768-BF8F-87D7E51ABDCB} = {758DD22C-EEE8-4B00-93AF-13AA890A183F}
		{DC629B99-A0F1-4214-BE6A-9E90C45C1902} = {2C178FA7-12D3-498E-836D-EB461745C5C2}
		{ECBE38DF-B341-49A8-A527-427072D35DC4} = {DC629B99-A0F1-4214-BE6A-9E90C45C1902}
		{D21BBC53-BC01-47A5-853B-9CB8C1C673EC} = {DC629B99-A0F1-4214-BE6A-9E90C45C1902}
		{07BABC3D-F939-4FF7-BECC-8E2561080502} = {9DE0EEF0-1558-4587-B2E7-E75D2A472092}
	EndGlobalSection
	GlobalSection(ExtensibilityGlobals) = postSolution
		SolutionGuid = {AC2C5339-00F9-4F63-AEB2-C38276295EAE}
	EndGlobalSection
EndGlobal
