
Microsoft Visual Studio Solution File, Format Version 12.00
# Visual Studio 15
VisualStudioVersion = 15.0.27004.2002
MinimumVisualStudioVersion = 10.0.40219.1
Project("{2150E333-8FDC-42A3-9474-1A3956D46DE8}") = "Identity", "Identity", "{92D5A5DA-E27F-4718-B901-B5465B8D9C6C}"
EndProject
Project("{2150E333-8FDC-42A3-9474-1A3956D46DE8}") = "ABAC", "ABAC", "{819BC025-2D32-4CC8-A49B-A2E81C31B3AC}"
EndProject
Project("{FAE04EC0-301F-11D3-BF4B-00C04F79EFBC}") = "Axis.Pollux.ConsoleTest", "Axis.Pollux.ConsoleTest\Axis.Pollux.ConsoleTest.csproj", "{0B6B5355-BB6B-4677-A775-B3AA205199F1}"
EndProject
Project("{2150E333-8FDC-42A3-9474-1A3956D46DE8}") = "Authentication", "Authentication", "{0CCC3585-FB1B-41BD-B78F-4BFBADBF491D}"
EndProject
Project("{2150E333-8FDC-42A3-9474-1A3956D46DE8}") = "Authorization", "Authorization", "{9DE0EEF0-1558-4587-B2E7-E75D2A472092}"
EndProject
Project("{FAE04EC0-301F-11D3-BF4B-00C04F79EFBC}") = "Axis.Pollux.Identity", "Axis.Pollux.Identity\Axis.Pollux.Identity.csproj", "{B6FE1B10-92A4-474B-8605-E3D63E491DCE}"
EndProject
Project("{FAE04EC0-301F-11D3-BF4B-00C04F79EFBC}") = "Axis.Pollux.Identity.OAModule", "Axis.Pollux.Identity.OAModule\Axis.Pollux.Identity.OAModule.csproj", "{972EF5D4-550B-499C-B4E4-90E1D964A0F6}"
EndProject
Project("{FAE04EC0-301F-11D3-BF4B-00C04F79EFBC}") = "Axis.Pollux.Authentication", "Axis.Pollux.Authentication\Axis.Pollux.Authentication.csproj", "{7249EEE1-0390-4D3D-98D1-42E6465D3CFD}"
EndProject
Project("{FAE04EC0-301F-11D3-BF4B-00C04F79EFBC}") = "Axis.Pollux.Authentication.OAModule", "Axis.Pollux.Authentication.OAModule\Axis.Pollux.Authentication.OAModule.csproj", "{B84F82AD-12C1-4EF9-8076-456F299FB418}"
EndProject
Project("{FAE04EC0-301F-11D3-BF4B-00C04F79EFBC}") = "Axis.Pollux.CoreAuthentication", "Axis.Pollux.CoreAuthentication\Axis.Pollux.CoreAuthentication.csproj", "{33E4951F-EF35-4D5F-B2EC-94D81D4D5D59}"
EndProject
Project("{FAE04EC0-301F-11D3-BF4B-00C04F79EFBC}") = "Axis.Pollux.ABAC", "Axis.Pollux.ABAC\Axis.Pollux.ABAC.csproj", "{AD36D2A4-7ED0-4D00-BE9B-0DCD70D12390}"
EndProject
Project("{2150E333-8FDC-42A3-9474-1A3956D46DE8}") = ".Solution Items", ".Solution Items", "{0CFFDE1F-79D4-477B-B86B-78F2E0B69521}"
	ProjectSection(SolutionItems) = preProject
		Backlog.txt = Backlog.txt
	EndProjectSection
EndProject
Project("{2150E333-8FDC-42A3-9474-1A3956D46DE8}") = "Tests", "Tests", "{78CF0C7F-FFC8-44C4-9197-AC082F76A70A}"
EndProject
Project("{2150E333-8FDC-42A3-9474-1A3956D46DE8}") = "Owin", "Owin", "{B640726A-E922-463E-8B90-05051A1E7C42}"
EndProject
Project("{2150E333-8FDC-42A3-9474-1A3956D46DE8}") = "Account", "Account", "{758DD22C-EEE8-4B00-93AF-13AA890A183F}"
EndProject
Project("{FAE04EC0-301F-11D3-BF4B-00C04F79EFBC}") = "Axis.Pollux.Account", "Axis.Pollux.Account\Axis.Pollux.Account.csproj", "{7D27A9C4-EADF-4953-B26F-B37AB09F7C38}"
EndProject
Project("{FAE04EC0-301F-11D3-BF4B-00C04F79EFBC}") = "Axis.Pollux.AccountManagement", "Axis.Pollux.AccountManagement\Axis.Pollux.AccountManagement.csproj", "{C41E340E-BC3B-4BCA-819D-4F17EC285A22}"
EndProject
Project("{2150E333-8FDC-42A3-9474-1A3956D46DE8}") = "Notification", "Notification", "{53D6054A-0973-4464-835B-67CDC0DD0361}"
EndProject
Project("{FAE04EC0-301F-11D3-BF4B-00C04F79EFBC}") = "Axis.Pollux.Owin.Services", "Axis.Pollux.Owin.Common\Axis.Pollux.Owin.Services.csproj", "{FD0BE16F-6666-40D2-98DA-7D8BBD3C3EB4}"
EndProject
Project("{FAE04EC0-301F-11D3-BF4B-00C04F79EFBC}") = "Axis.Pollux.Identity.Test", "Axis.Pollux.Identity.Test\Axis.Pollux.Identity.Test.csproj", "{19200251-9ABD-48EE-9660-5FEAAB931C87}"
EndProject
Project("{FAE04EC0-301F-11D3-BF4B-00C04F79EFBC}") = "Axis.Pollux.Authentication.Test", "Axis.Pollux.Authentication.Test\Axis.Pollux.Authentication.Test.csproj", "{9F559EEE-19A1-4D71-92EB-5F077FF45660}"
EndProject
Project("{FAE04EC0-301F-11D3-BF4B-00C04F79EFBC}") = "Axis.Pollux.Account.Test", "Axis.Pollux.Account.Test\Axis.Pollux.Account.Test.csproj", "{C24C7B8A-E0D0-4D46-82A0-2E18B1A07643}"
EndProject
Project("{FAE04EC0-301F-11D3-BF4B-00C04F79EFBC}") = "Axis.Pollux.Account.OAModule", "Axis.Pollux.Account.OAModule\Axis.Pollux.Account.OAModule.csproj", "{D86DE9AE-2B4B-4813-A252-E5B028F29667}"
EndProject
Project("{2150E333-8FDC-42A3-9474-1A3956D46DE8}") = "Common", "Common", "{2C178FA7-12D3-498E-836D-EB461745C5C2}"
EndProject
Project("{2150E333-8FDC-42A3-9474-1A3956D46DE8}") = "PolicyIOs", "PolicyIOs", "{D174B687-3BFC-4A17-B007-3AFDD3E12CE8}"
EndProject
Project("{FAE04EC0-301F-11D3-BF4B-00C04F79EFBC}") = "Axis.Pollux.ABAC.RolePermissionPolicy", "Axis.Pollux.ABAC.RolePermissionPolicy\Axis.Pollux.ABAC.RolePermissionPolicy.csproj", "{DF7C9A73-6ACE-4E39-B14E-9FC896B0CEAA}"
EndProject
Project("{2150E333-8FDC-42A3-9474-1A3956D46DE8}") = "AttributeSources", "AttributeSources", "{5E908F15-A68D-48D6-B075-FDB70B374C1A}"
EndProject
Project("{FAE04EC0-301F-11D3-BF4B-00C04F79EFBC}") = "Axis.Pollux.ABAC.AttributeSources", "Aixs.Pollux.ABAC.AttributeSources\Axis.Pollux.ABAC.AttributeSources.csproj", "{7B27C921-6644-48EE-8CD3-AC6F1795AA8E}"
EndProject
Project("{2150E333-8FDC-42A3-9474-1A3956D46DE8}") = "Roles", "Roles", "{B7AC6F9E-AB4F-48DC-8AE2-6A4DEEB77D8D}"
EndProject
Project("{FAE04EC0-301F-11D3-BF4B-00C04F79EFBC}") = "Axis.Pollux.RoleManagement", "Axis.Pollux.RoleManagement\Axis.Pollux.RoleManagement.csproj", "{BB37A1E5-E04D-4EDB-8D5F-6287CF5F058F}"
EndProject
Project("{FAE04EC0-301F-11D3-BF4B-00C04F79EFBC}") = "Axis.Pollux.RoleAuth", "Axis.Pollux.RoleAuth\Axis.Pollux.RoleAuth.csproj", "{E41991F6-A249-49E5-9885-BA7E46CE4A13}"
EndProject
Project("{FAE04EC0-301F-11D3-BF4B-00C04F79EFBC}") = "Axis.Pollux.RoleAuth.OAModule", "Axis.Pollux.RoleAuth.OAModule\Axis.Pollux.RoleAuth.OAModule.csproj", "{A55F695B-EA37-4BB4-9AAE-4C7065D83395}"
EndProject
Project("{FAE04EC0-301F-11D3-BF4B-00C04F79EFBC}") = "Axis.Pollux.RoleAuth.Test", "Axis.Pollux.RoleAuth.Test\Axis.Pollux.RoleAuth.Test.csproj", "{3B72C927-E482-4C96-847A-F8C4A53520E4}"
EndProject
Project("{FAE04EC0-301F-11D3-BF4B-00C04F79EFBC}") = "Axis.Pollux.ABAC.Test", "Axis.Pollux.ABAC.Test\Axis.Pollux.ABAC.Test.csproj", "{8F96F60C-4EB1-47B1-86A7-D3334B39916A}"
EndProject
Project("{2150E333-8FDC-42A3-9474-1A3956D46DE8}") = "Audit", "Audit", "{286A639B-1C4D-4A73-BC6D-12F65F0E2CE7}"
EndProject
Project("{FAE04EC0-301F-11D3-BF4B-00C04F79EFBC}") = "Axis.Pollux.Audit", "Axis.Pollux.Audit\Axis.Pollux.Audit.csproj", "{C612702E-BAD4-4D05-89F4-97DF82EFCB13}"
EndProject
Project("{FAE04EC0-301F-11D3-BF4B-00C04F79EFBC}") = "Axis.Pollux.AuditService", "Axis.Pollux.AuditService\Axis.Pollux.AuditService.csproj", "{D7CAE6F5-ADA0-4BB8-9358-2EC87D11339B}"
EndProject
Project("{2150E333-8FDC-42A3-9474-1A3956D46DE8}") = "AOP", "AOP", "{257A4758-12F9-454E-9C1C-832C3E2C8644}"
EndProject
Project("{FAE04EC0-301F-11D3-BF4B-00C04F79EFBC}") = "Axis.Pollux.AOP.Test", "Axis.Pollux.AOP.Test\Axis.Pollux.AOP.Test.csproj", "{0D57EE0F-AF2A-4C58-9063-AC702935C776}"
EndProject
Project("{FAE04EC0-301F-11D3-BF4B-00C04F79EFBC}") = "Axis.Pollux.AOP.ServiceRegistry", "Axis.Pollux.AOP.ServiceRegistry\Axis.Pollux.AOP.ServiceRegistry.csproj", "{19A98AC2-6130-49C8-9229-DBA55FB1A7C9}"
EndProject
Project("{FAE04EC0-301F-11D3-BF4B-00C04F79EFBC}") = "Axis.Pollux.Audit.OAModule", "Axis.Pollux.Audit.OAModule\Axis.Pollux.Audit.OAModule.csproj", "{F90A468A-C807-4C5A-ADB4-3BBFE234C8ED}"
EndProject
Project("{FAE04EC0-301F-11D3-BF4B-00C04F79EFBC}") = "Axis.Pollux.Common", "Axis.Pollux.Common\Axis.Pollux.Common.csproj", "{ADD69F52-5EB2-4B5F-B4B1-46943A8F1CB7}"
EndProject
Project("{FAE04EC0-301F-11D3-BF4B-00C04F79EFBC}") = "Axis.Pollux.Identity.Services", "Axis.Pollux.Identity.Services\Axis.Pollux.Identity.Services.csproj", "{D2951D96-C918-45A4-BB72-6B5B25C83C2A}"
EndProject
Project("{FAE04EC0-301F-11D3-BF4B-00C04F79EFBC}") = "Axis.Pollux.Notification", "Axis.Pollux.Notification\Axis.Pollux.Notification.csproj", "{51E7B89F-CFC8-4F97-91E1-08C914BF1201}"
EndProject
Project("{2150E333-8FDC-42A3-9474-1A3956D46DE8}") = "Channels.Email", "Channels.Email", "{4E76D3B2-7AC5-40E7-8342-98ECC9DBB160}"
EndProject
Project("{2150E333-8FDC-42A3-9474-1A3956D46DE8}") = "Channels.Client", "Channels.Client", "{947D6878-F8E8-443F-B42C-EFC72F972DD4}"
EndProject
Project("{FAE04EC0-301F-11D3-BF4B-00C04F79EFBC}") = "Axis.Pollux.Utils", "Axis.Pollux.Utils\Axis.Pollux.Utils.csproj", "{2451680B-3A46-4904-B359-4B9AF9BB3774}"
EndProject
Project("{2150E333-8FDC-42A3-9474-1A3956D46DE8}") = "Utils.Email", "Utils.Email", "{AC523F50-BDFE-4D63-9054-1B511CDE5AE0}"
EndProject
Project("{2150E333-8FDC-42A3-9474-1A3956D46DE8}") = "Channels.Sms", "Channels.Sms", "{659C9EEB-85AA-495B-8368-8740A9AF6508}"
EndProject
Project("{FAE04EC0-301F-11D3-BF4B-00C04F79EFBC}") = "Axis.Pollux.Utils.ElasticEmail", "Axis.Pollux.Utils.ElasticEmail\Axis.Pollux.Utils.ElasticEmail.csproj", "{1BC730C5-0F57-4D5A-ACCE-8410213C0B99}"
EndProject
Project("{2150E333-8FDC-42A3-9474-1A3956D46DE8}") = "Utils.Sms", "Utils.Sms", "{3287A44A-E2E5-43A7-905F-7C2832D0C5C9}"
EndProject
Project("{FAE04EC0-301F-11D3-BF4B-00C04F79EFBC}") = "Axis.Pollux.Notification.Channels.Client", "Axis.Pollux.Notification.Channels.Client\Axis.Pollux.Notification.Channels.Client.csproj", "{088EF3A8-921C-4A65-BDAB-0B5BDC6941DA}"
EndProject
Project("{FAE04EC0-301F-11D3-BF4B-00C04F79EFBC}") = "Axis.Pollux.Notification.Channels.Client.EF", "Axis.Pollux.Notification.Channels.Client.EF\Axis.Pollux.Notification.Channels.Client.EF.csproj", "{AEC8589C-B4C1-4C2E-BAAE-291B1A4362C5}"
EndProject
Project("{FAE04EC0-301F-11D3-BF4B-00C04F79EFBC}") = "Axis.Pollux.Notification.Channels.Email.EF", "Axis.Pollux.Notification.Channels.Email.EF\Axis.Pollux.Notification.Channels.Email.EF.csproj", "{4D693359-8209-4C62-A4DA-673E8EBD499C}"
EndProject
Project("{FAE04EC0-301F-11D3-BF4B-00C04F79EFBC}") = "Axis.Pollux.Notification.Channels.Email", "Axis.Pollux.Notification.Channels.Email\Axis.Pollux.Notification.Channels.Email.csproj", "{D1E8E844-FE42-4267-AB7F-4CC1A0261E2D}"
EndProject
Project("{FAE04EC0-301F-11D3-BF4B-00C04F79EFBC}") = "Axis.Pollux.AccessAuthority", "Axis.Pollux.AccessAuthority\Axis.Pollux.AccessAuthority.csproj", "{F8F5090B-A2BC-4831-B28A-4B60A405907A}"
EndProject
Project("{2150E333-8FDC-42A3-9474-1A3956D46DE8}") = "RBAC", "RBAC", "{1223209F-873C-4E2A-A10D-E9A83B106D20}"
EndProject
Project("{FAE04EC0-301F-11D3-BF4B-00C04F79EFBC}") = "Axis.Pollux.RBAC", "Axis.Pollux.RBAC\Axis.Pollux.RBAC.csproj", "{5448239A-0BC5-4583-8A2F-3B0CE18B573F}"
EndProject
Global
	GlobalSection(SolutionConfigurationPlatforms) = preSolution
		Debug|Any CPU = Debug|Any CPU
		Release|Any CPU = Release|Any CPU
	EndGlobalSection
	GlobalSection(ProjectConfigurationPlatforms) = postSolution
		{0B6B5355-BB6B-4677-A775-B3AA205199F1}.Debug|Any CPU.ActiveCfg = Debug|Any CPU
		{0B6B5355-BB6B-4677-A775-B3AA205199F1}.Debug|Any CPU.Build.0 = Debug|Any CPU
		{0B6B5355-BB6B-4677-A775-B3AA205199F1}.Release|Any CPU.ActiveCfg = Release|Any CPU
		{0B6B5355-BB6B-4677-A775-B3AA205199F1}.Release|Any CPU.Build.0 = Release|Any CPU
		{B6FE1B10-92A4-474B-8605-E3D63E491DCE}.Debug|Any CPU.ActiveCfg = Debug|Any CPU
		{B6FE1B10-92A4-474B-8605-E3D63E491DCE}.Debug|Any CPU.Build.0 = Debug|Any CPU
		{B6FE1B10-92A4-474B-8605-E3D63E491DCE}.Release|Any CPU.ActiveCfg = Release|Any CPU
		{B6FE1B10-92A4-474B-8605-E3D63E491DCE}.Release|Any CPU.Build.0 = Release|Any CPU
		{972EF5D4-550B-499C-B4E4-90E1D964A0F6}.Debug|Any CPU.ActiveCfg = Debug|Any CPU
		{972EF5D4-550B-499C-B4E4-90E1D964A0F6}.Debug|Any CPU.Build.0 = Debug|Any CPU
		{972EF5D4-550B-499C-B4E4-90E1D964A0F6}.Release|Any CPU.ActiveCfg = Release|Any CPU
		{972EF5D4-550B-499C-B4E4-90E1D964A0F6}.Release|Any CPU.Build.0 = Release|Any CPU
		{7249EEE1-0390-4D3D-98D1-42E6465D3CFD}.Debug|Any CPU.ActiveCfg = Debug|Any CPU
		{7249EEE1-0390-4D3D-98D1-42E6465D3CFD}.Debug|Any CPU.Build.0 = Debug|Any CPU
		{7249EEE1-0390-4D3D-98D1-42E6465D3CFD}.Release|Any CPU.ActiveCfg = Release|Any CPU
		{7249EEE1-0390-4D3D-98D1-42E6465D3CFD}.Release|Any CPU.Build.0 = Release|Any CPU
		{B84F82AD-12C1-4EF9-8076-456F299FB418}.Debug|Any CPU.ActiveCfg = Debug|Any CPU
		{B84F82AD-12C1-4EF9-8076-456F299FB418}.Debug|Any CPU.Build.0 = Debug|Any CPU
		{B84F82AD-12C1-4EF9-8076-456F299FB418}.Release|Any CPU.ActiveCfg = Release|Any CPU
		{B84F82AD-12C1-4EF9-8076-456F299FB418}.Release|Any CPU.Build.0 = Release|Any CPU
		{33E4951F-EF35-4D5F-B2EC-94D81D4D5D59}.Debug|Any CPU.ActiveCfg = Debug|Any CPU
		{33E4951F-EF35-4D5F-B2EC-94D81D4D5D59}.Debug|Any CPU.Build.0 = Debug|Any CPU
		{33E4951F-EF35-4D5F-B2EC-94D81D4D5D59}.Release|Any CPU.ActiveCfg = Release|Any CPU
		{33E4951F-EF35-4D5F-B2EC-94D81D4D5D59}.Release|Any CPU.Build.0 = Release|Any CPU
		{AD36D2A4-7ED0-4D00-BE9B-0DCD70D12390}.Debug|Any CPU.ActiveCfg = Debug|Any CPU
		{AD36D2A4-7ED0-4D00-BE9B-0DCD70D12390}.Debug|Any CPU.Build.0 = Debug|Any CPU
		{AD36D2A4-7ED0-4D00-BE9B-0DCD70D12390}.Release|Any CPU.ActiveCfg = Release|Any CPU
		{AD36D2A4-7ED0-4D00-BE9B-0DCD70D12390}.Release|Any CPU.Build.0 = Release|Any CPU
		{7D27A9C4-EADF-4953-B26F-B37AB09F7C38}.Debug|Any CPU.ActiveCfg = Debug|Any CPU
		{7D27A9C4-EADF-4953-B26F-B37AB09F7C38}.Debug|Any CPU.Build.0 = Debug|Any CPU
		{7D27A9C4-EADF-4953-B26F-B37AB09F7C38}.Release|Any CPU.ActiveCfg = Release|Any CPU
		{7D27A9C4-EADF-4953-B26F-B37AB09F7C38}.Release|Any CPU.Build.0 = Release|Any CPU
		{C41E340E-BC3B-4BCA-819D-4F17EC285A22}.Debug|Any CPU.ActiveCfg = Debug|Any CPU
		{C41E340E-BC3B-4BCA-819D-4F17EC285A22}.Debug|Any CPU.Build.0 = Debug|Any CPU
		{C41E340E-BC3B-4BCA-819D-4F17EC285A22}.Release|Any CPU.ActiveCfg = Release|Any CPU
		{C41E340E-BC3B-4BCA-819D-4F17EC285A22}.Release|Any CPU.Build.0 = Release|Any CPU
		{FD0BE16F-6666-40D2-98DA-7D8BBD3C3EB4}.Debug|Any CPU.ActiveCfg = Debug|Any CPU
		{FD0BE16F-6666-40D2-98DA-7D8BBD3C3EB4}.Debug|Any CPU.Build.0 = Debug|Any CPU
		{FD0BE16F-6666-40D2-98DA-7D8BBD3C3EB4}.Release|Any CPU.ActiveCfg = Release|Any CPU
		{FD0BE16F-6666-40D2-98DA-7D8BBD3C3EB4}.Release|Any CPU.Build.0 = Release|Any CPU
		{19200251-9ABD-48EE-9660-5FEAAB931C87}.Debug|Any CPU.ActiveCfg = Debug|Any CPU
		{19200251-9ABD-48EE-9660-5FEAAB931C87}.Debug|Any CPU.Build.0 = Debug|Any CPU
		{19200251-9ABD-48EE-9660-5FEAAB931C87}.Release|Any CPU.ActiveCfg = Release|Any CPU
		{19200251-9ABD-48EE-9660-5FEAAB931C87}.Release|Any CPU.Build.0 = Release|Any CPU
		{9F559EEE-19A1-4D71-92EB-5F077FF45660}.Debug|Any CPU.ActiveCfg = Debug|Any CPU
		{9F559EEE-19A1-4D71-92EB-5F077FF45660}.Debug|Any CPU.Build.0 = Debug|Any CPU
		{9F559EEE-19A1-4D71-92EB-5F077FF45660}.Release|Any CPU.ActiveCfg = Release|Any CPU
		{9F559EEE-19A1-4D71-92EB-5F077FF45660}.Release|Any CPU.Build.0 = Release|Any CPU
		{C24C7B8A-E0D0-4D46-82A0-2E18B1A07643}.Debug|Any CPU.ActiveCfg = Debug|Any CPU
		{C24C7B8A-E0D0-4D46-82A0-2E18B1A07643}.Debug|Any CPU.Build.0 = Debug|Any CPU
		{C24C7B8A-E0D0-4D46-82A0-2E18B1A07643}.Release|Any CPU.ActiveCfg = Release|Any CPU
		{C24C7B8A-E0D0-4D46-82A0-2E18B1A07643}.Release|Any CPU.Build.0 = Release|Any CPU
		{D86DE9AE-2B4B-4813-A252-E5B028F29667}.Debug|Any CPU.ActiveCfg = Debug|Any CPU
		{D86DE9AE-2B4B-4813-A252-E5B028F29667}.Debug|Any CPU.Build.0 = Debug|Any CPU
		{D86DE9AE-2B4B-4813-A252-E5B028F29667}.Release|Any CPU.ActiveCfg = Release|Any CPU
		{D86DE9AE-2B4B-4813-A252-E5B028F29667}.Release|Any CPU.Build.0 = Release|Any CPU
		{DF7C9A73-6ACE-4E39-B14E-9FC896B0CEAA}.Debug|Any CPU.ActiveCfg = Debug|Any CPU
		{DF7C9A73-6ACE-4E39-B14E-9FC896B0CEAA}.Debug|Any CPU.Build.0 = Debug|Any CPU
		{DF7C9A73-6ACE-4E39-B14E-9FC896B0CEAA}.Release|Any CPU.ActiveCfg = Release|Any CPU
		{DF7C9A73-6ACE-4E39-B14E-9FC896B0CEAA}.Release|Any CPU.Build.0 = Release|Any CPU
		{7B27C921-6644-48EE-8CD3-AC6F1795AA8E}.Debug|Any CPU.ActiveCfg = Debug|Any CPU
		{7B27C921-6644-48EE-8CD3-AC6F1795AA8E}.Debug|Any CPU.Build.0 = Debug|Any CPU
		{7B27C921-6644-48EE-8CD3-AC6F1795AA8E}.Release|Any CPU.ActiveCfg = Release|Any CPU
		{7B27C921-6644-48EE-8CD3-AC6F1795AA8E}.Release|Any CPU.Build.0 = Release|Any CPU
		{BB37A1E5-E04D-4EDB-8D5F-6287CF5F058F}.Debug|Any CPU.ActiveCfg = Debug|Any CPU
		{BB37A1E5-E04D-4EDB-8D5F-6287CF5F058F}.Debug|Any CPU.Build.0 = Debug|Any CPU
		{BB37A1E5-E04D-4EDB-8D5F-6287CF5F058F}.Release|Any CPU.ActiveCfg = Release|Any CPU
		{BB37A1E5-E04D-4EDB-8D5F-6287CF5F058F}.Release|Any CPU.Build.0 = Release|Any CPU
		{E41991F6-A249-49E5-9885-BA7E46CE4A13}.Debug|Any CPU.ActiveCfg = Debug|Any CPU
		{E41991F6-A249-49E5-9885-BA7E46CE4A13}.Debug|Any CPU.Build.0 = Debug|Any CPU
		{E41991F6-A249-49E5-9885-BA7E46CE4A13}.Release|Any CPU.ActiveCfg = Release|Any CPU
		{E41991F6-A249-49E5-9885-BA7E46CE4A13}.Release|Any CPU.Build.0 = Release|Any CPU
		{A55F695B-EA37-4BB4-9AAE-4C7065D83395}.Debug|Any CPU.ActiveCfg = Debug|Any CPU
		{A55F695B-EA37-4BB4-9AAE-4C7065D83395}.Debug|Any CPU.Build.0 = Debug|Any CPU
		{A55F695B-EA37-4BB4-9AAE-4C7065D83395}.Release|Any CPU.ActiveCfg = Release|Any CPU
		{A55F695B-EA37-4BB4-9AAE-4C7065D83395}.Release|Any CPU.Build.0 = Release|Any CPU
		{3B72C927-E482-4C96-847A-F8C4A53520E4}.Debug|Any CPU.ActiveCfg = Debug|Any CPU
		{3B72C927-E482-4C96-847A-F8C4A53520E4}.Debug|Any CPU.Build.0 = Debug|Any CPU
		{3B72C927-E482-4C96-847A-F8C4A53520E4}.Release|Any CPU.ActiveCfg = Release|Any CPU
		{3B72C927-E482-4C96-847A-F8C4A53520E4}.Release|Any CPU.Build.0 = Release|Any CPU
		{8F96F60C-4EB1-47B1-86A7-D3334B39916A}.Debug|Any CPU.ActiveCfg = Debug|Any CPU
		{8F96F60C-4EB1-47B1-86A7-D3334B39916A}.Debug|Any CPU.Build.0 = Debug|Any CPU
		{8F96F60C-4EB1-47B1-86A7-D3334B39916A}.Release|Any CPU.ActiveCfg = Release|Any CPU
		{8F96F60C-4EB1-47B1-86A7-D3334B39916A}.Release|Any CPU.Build.0 = Release|Any CPU
		{C612702E-BAD4-4D05-89F4-97DF82EFCB13}.Debug|Any CPU.ActiveCfg = Debug|Any CPU
		{C612702E-BAD4-4D05-89F4-97DF82EFCB13}.Debug|Any CPU.Build.0 = Debug|Any CPU
		{C612702E-BAD4-4D05-89F4-97DF82EFCB13}.Release|Any CPU.ActiveCfg = Release|Any CPU
		{C612702E-BAD4-4D05-89F4-97DF82EFCB13}.Release|Any CPU.Build.0 = Release|Any CPU
		{D7CAE6F5-ADA0-4BB8-9358-2EC87D11339B}.Debug|Any CPU.ActiveCfg = Debug|Any CPU
		{D7CAE6F5-ADA0-4BB8-9358-2EC87D11339B}.Debug|Any CPU.Build.0 = Debug|Any CPU
		{D7CAE6F5-ADA0-4BB8-9358-2EC87D11339B}.Release|Any CPU.ActiveCfg = Release|Any CPU
		{D7CAE6F5-ADA0-4BB8-9358-2EC87D11339B}.Release|Any CPU.Build.0 = Release|Any CPU
		{0D57EE0F-AF2A-4C58-9063-AC702935C776}.Debug|Any CPU.ActiveCfg = Debug|Any CPU
		{0D57EE0F-AF2A-4C58-9063-AC702935C776}.Debug|Any CPU.Build.0 = Debug|Any CPU
		{0D57EE0F-AF2A-4C58-9063-AC702935C776}.Release|Any CPU.ActiveCfg = Release|Any CPU
		{0D57EE0F-AF2A-4C58-9063-AC702935C776}.Release|Any CPU.Build.0 = Release|Any CPU
		{19A98AC2-6130-49C8-9229-DBA55FB1A7C9}.Debug|Any CPU.ActiveCfg = Debug|Any CPU
		{19A98AC2-6130-49C8-9229-DBA55FB1A7C9}.Debug|Any CPU.Build.0 = Debug|Any CPU
		{19A98AC2-6130-49C8-9229-DBA55FB1A7C9}.Release|Any CPU.ActiveCfg = Release|Any CPU
		{19A98AC2-6130-49C8-9229-DBA55FB1A7C9}.Release|Any CPU.Build.0 = Release|Any CPU
		{F90A468A-C807-4C5A-ADB4-3BBFE234C8ED}.Debug|Any CPU.ActiveCfg = Debug|Any CPU
		{F90A468A-C807-4C5A-ADB4-3BBFE234C8ED}.Debug|Any CPU.Build.0 = Debug|Any CPU
		{F90A468A-C807-4C5A-ADB4-3BBFE234C8ED}.Release|Any CPU.ActiveCfg = Release|Any CPU
		{F90A468A-C807-4C5A-ADB4-3BBFE234C8ED}.Release|Any CPU.Build.0 = Release|Any CPU
		{ADD69F52-5EB2-4B5F-B4B1-46943A8F1CB7}.Debug|Any CPU.ActiveCfg = Debug|Any CPU
		{ADD69F52-5EB2-4B5F-B4B1-46943A8F1CB7}.Debug|Any CPU.Build.0 = Debug|Any CPU
		{ADD69F52-5EB2-4B5F-B4B1-46943A8F1CB7}.Release|Any CPU.ActiveCfg = Release|Any CPU
		{ADD69F52-5EB2-4B5F-B4B1-46943A8F1CB7}.Release|Any CPU.Build.0 = Release|Any CPU
		{D2951D96-C918-45A4-BB72-6B5B25C83C2A}.Debug|Any CPU.ActiveCfg = Debug|Any CPU
		{D2951D96-C918-45A4-BB72-6B5B25C83C2A}.Debug|Any CPU.Build.0 = Debug|Any CPU
		{D2951D96-C918-45A4-BB72-6B5B25C83C2A}.Release|Any CPU.ActiveCfg = Release|Any CPU
		{D2951D96-C918-45A4-BB72-6B5B25C83C2A}.Release|Any CPU.Build.0 = Release|Any CPU
		{51E7B89F-CFC8-4F97-91E1-08C914BF1201}.Debug|Any CPU.ActiveCfg = Debug|Any CPU
		{51E7B89F-CFC8-4F97-91E1-08C914BF1201}.Debug|Any CPU.Build.0 = Debug|Any CPU
		{51E7B89F-CFC8-4F97-91E1-08C914BF1201}.Release|Any CPU.ActiveCfg = Release|Any CPU
		{51E7B89F-CFC8-4F97-91E1-08C914BF1201}.Release|Any CPU.Build.0 = Release|Any CPU
		{2451680B-3A46-4904-B359-4B9AF9BB3774}.Debug|Any CPU.ActiveCfg = Debug|Any CPU
		{2451680B-3A46-4904-B359-4B9AF9BB3774}.Debug|Any CPU.Build.0 = Debug|Any CPU
		{2451680B-3A46-4904-B359-4B9AF9BB3774}.Release|Any CPU.ActiveCfg = Release|Any CPU
		{2451680B-3A46-4904-B359-4B9AF9BB3774}.Release|Any CPU.Build.0 = Release|Any CPU
		{1BC730C5-0F57-4D5A-ACCE-8410213C0B99}.Debug|Any CPU.ActiveCfg = Debug|Any CPU
		{1BC730C5-0F57-4D5A-ACCE-8410213C0B99}.Debug|Any CPU.Build.0 = Debug|Any CPU
		{1BC730C5-0F57-4D5A-ACCE-8410213C0B99}.Release|Any CPU.ActiveCfg = Release|Any CPU
		{1BC730C5-0F57-4D5A-ACCE-8410213C0B99}.Release|Any CPU.Build.0 = Release|Any CPU
		{088EF3A8-921C-4A65-BDAB-0B5BDC6941DA}.Debug|Any CPU.ActiveCfg = Debug|Any CPU
		{088EF3A8-921C-4A65-BDAB-0B5BDC6941DA}.Debug|Any CPU.Build.0 = Debug|Any CPU
		{088EF3A8-921C-4A65-BDAB-0B5BDC6941DA}.Release|Any CPU.ActiveCfg = Release|Any CPU
		{088EF3A8-921C-4A65-BDAB-0B5BDC6941DA}.Release|Any CPU.Build.0 = Release|Any CPU
		{AEC8589C-B4C1-4C2E-BAAE-291B1A4362C5}.Debug|Any CPU.ActiveCfg = Debug|Any CPU
		{AEC8589C-B4C1-4C2E-BAAE-291B1A4362C5}.Debug|Any CPU.Build.0 = Debug|Any CPU
		{AEC8589C-B4C1-4C2E-BAAE-291B1A4362C5}.Release|Any CPU.ActiveCfg = Release|Any CPU
		{AEC8589C-B4C1-4C2E-BAAE-291B1A4362C5}.Release|Any CPU.Build.0 = Release|Any CPU
		{4D693359-8209-4C62-A4DA-673E8EBD499C}.Debug|Any CPU.ActiveCfg = Debug|Any CPU
		{4D693359-8209-4C62-A4DA-673E8EBD499C}.Debug|Any CPU.Build.0 = Debug|Any CPU
		{4D693359-8209-4C62-A4DA-673E8EBD499C}.Release|Any CPU.ActiveCfg = Release|Any CPU
		{4D693359-8209-4C62-A4DA-673E8EBD499C}.Release|Any CPU.Build.0 = Release|Any CPU
		{D1E8E844-FE42-4267-AB7F-4CC1A0261E2D}.Debug|Any CPU.ActiveCfg = Debug|Any CPU
		{D1E8E844-FE42-4267-AB7F-4CC1A0261E2D}.Debug|Any CPU.Build.0 = Debug|Any CPU
		{D1E8E844-FE42-4267-AB7F-4CC1A0261E2D}.Release|Any CPU.ActiveCfg = Release|Any CPU
		{D1E8E844-FE42-4267-AB7F-4CC1A0261E2D}.Release|Any CPU.Build.0 = Release|Any CPU
		{F8F5090B-A2BC-4831-B28A-4B60A405907A}.Debug|Any CPU.ActiveCfg = Debug|Any CPU
		{F8F5090B-A2BC-4831-B28A-4B60A405907A}.Debug|Any CPU.Build.0 = Debug|Any CPU
		{F8F5090B-A2BC-4831-B28A-4B60A405907A}.Release|Any CPU.ActiveCfg = Release|Any CPU
		{F8F5090B-A2BC-4831-B28A-4B60A405907A}.Release|Any CPU.Build.0 = Release|Any CPU
		{5448239A-0BC5-4583-8A2F-3B0CE18B573F}.Debug|Any CPU.ActiveCfg = Debug|Any CPU
		{5448239A-0BC5-4583-8A2F-3B0CE18B573F}.Debug|Any CPU.Build.0 = Debug|Any CPU
		{5448239A-0BC5-4583-8A2F-3B0CE18B573F}.Release|Any CPU.ActiveCfg = Release|Any CPU
		{5448239A-0BC5-4583-8A2F-3B0CE18B573F}.Release|Any CPU.Build.0 = Release|Any CPU
	EndGlobalSection
	GlobalSection(SolutionProperties) = preSolution
		HideSolutionNode = FALSE
	EndGlobalSection
	GlobalSection(NestedProjects) = preSolution
		{819BC025-2D32-4CC8-A49B-A2E81C31B3AC} = {9DE0EEF0-1558-4587-B2E7-E75D2A472092}
		{0B6B5355-BB6B-4677-A775-B3AA205199F1} = {78CF0C7F-FFC8-44C4-9197-AC082F76A70A}
		{B6FE1B10-92A4-474B-8605-E3D63E491DCE} = {92D5A5DA-E27F-4718-B901-B5465B8D9C6C}
		{972EF5D4-550B-499C-B4E4-90E1D964A0F6} = {92D5A5DA-E27F-4718-B901-B5465B8D9C6C}
		{7249EEE1-0390-4D3D-98D1-42E6465D3CFD} = {0CCC3585-FB1B-41BD-B78F-4BFBADBF491D}
		{B84F82AD-12C1-4EF9-8076-456F299FB418} = {0CCC3585-FB1B-41BD-B78F-4BFBADBF491D}
		{33E4951F-EF35-4D5F-B2EC-94D81D4D5D59} = {0CCC3585-FB1B-41BD-B78F-4BFBADBF491D}
		{AD36D2A4-7ED0-4D00-BE9B-0DCD70D12390} = {819BC025-2D32-4CC8-A49B-A2E81C31B3AC}
		{7D27A9C4-EADF-4953-B26F-B37AB09F7C38} = {758DD22C-EEE8-4B00-93AF-13AA890A183F}
		{C41E340E-BC3B-4BCA-819D-4F17EC285A22} = {758DD22C-EEE8-4B00-93AF-13AA890A183F}
		{FD0BE16F-6666-40D2-98DA-7D8BBD3C3EB4} = {B640726A-E922-463E-8B90-05051A1E7C42}
		{19200251-9ABD-48EE-9660-5FEAAB931C87} = {92D5A5DA-E27F-4718-B901-B5465B8D9C6C}
		{9F559EEE-19A1-4D71-92EB-5F077FF45660} = {0CCC3585-FB1B-41BD-B78F-4BFBADBF491D}
		{C24C7B8A-E0D0-4D46-82A0-2E18B1A07643} = {758DD22C-EEE8-4B00-93AF-13AA890A183F}
		{D86DE9AE-2B4B-4813-A252-E5B028F29667} = {758DD22C-EEE8-4B00-93AF-13AA890A183F}
		{D174B687-3BFC-4A17-B007-3AFDD3E12CE8} = {819BC025-2D32-4CC8-A49B-A2E81C31B3AC}
		{DF7C9A73-6ACE-4E39-B14E-9FC896B0CEAA} = {D174B687-3BFC-4A17-B007-3AFDD3E12CE8}
		{5E908F15-A68D-48D6-B075-FDB70B374C1A} = {819BC025-2D32-4CC8-A49B-A2E81C31B3AC}
		{7B27C921-6644-48EE-8CD3-AC6F1795AA8E} = {5E908F15-A68D-48D6-B075-FDB70B374C1A}
		{BB37A1E5-E04D-4EDB-8D5F-6287CF5F058F} = {B7AC6F9E-AB4F-48DC-8AE2-6A4DEEB77D8D}
		{E41991F6-A249-49E5-9885-BA7E46CE4A13} = {B7AC6F9E-AB4F-48DC-8AE2-6A4DEEB77D8D}
		{A55F695B-EA37-4BB4-9AAE-4C7065D83395} = {B7AC6F9E-AB4F-48DC-8AE2-6A4DEEB77D8D}
		{3B72C927-E482-4C96-847A-F8C4A53520E4} = {B7AC6F9E-AB4F-48DC-8AE2-6A4DEEB77D8D}
		{8F96F60C-4EB1-47B1-86A7-D3334B39916A} = {819BC025-2D32-4CC8-A49B-A2E81C31B3AC}
		{C612702E-BAD4-4D05-89F4-97DF82EFCB13} = {286A639B-1C4D-4A73-BC6D-12F65F0E2CE7}
		{D7CAE6F5-ADA0-4BB8-9358-2EC87D11339B} = {286A639B-1C4D-4A73-BC6D-12F65F0E2CE7}
		{0D57EE0F-AF2A-4C58-9063-AC702935C776} = {257A4758-12F9-454E-9C1C-832C3E2C8644}
		{19A98AC2-6130-49C8-9229-DBA55FB1A7C9} = {257A4758-12F9-454E-9C1C-832C3E2C8644}
		{F90A468A-C807-4C5A-ADB4-3BBFE234C8ED} = {286A639B-1C4D-4A73-BC6D-12F65F0E2CE7}
		{ADD69F52-5EB2-4B5F-B4B1-46943A8F1CB7} = {2C178FA7-12D3-498E-836D-EB461745C5C2}
		{D2951D96-C918-45A4-BB72-6B5B25C83C2A} = {92D5A5DA-E27F-4718-B901-B5465B8D9C6C}
		{51E7B89F-CFC8-4F97-91E1-08C914BF1201} = {53D6054A-0973-4464-835B-67CDC0DD0361}
		{4E76D3B2-7AC5-40E7-8342-98ECC9DBB160} = {53D6054A-0973-4464-835B-67CDC0DD0361}
		{947D6878-F8E8-443F-B42C-EFC72F972DD4} = {53D6054A-0973-4464-835B-67CDC0DD0361}
		{2451680B-3A46-4904-B359-4B9AF9BB3774} = {2C178FA7-12D3-498E-836D-EB461745C5C2}
		{AC523F50-BDFE-4D63-9054-1B511CDE5AE0} = {2C178FA7-12D3-498E-836D-EB461745C5C2}
		{659C9EEB-85AA-495B-8368-8740A9AF6508} = {53D6054A-0973-4464-835B-67CDC0DD0361}
		{1BC730C5-0F57-4D5A-ACCE-8410213C0B99} = {AC523F50-BDFE-4D63-9054-1B511CDE5AE0}
		{3287A44A-E2E5-43A7-905F-7C2832D0C5C9} = {2C178FA7-12D3-498E-836D-EB461745C5C2}
		{088EF3A8-921C-4A65-BDAB-0B5BDC6941DA} = {947D6878-F8E8-443F-B42C-EFC72F972DD4}
		{AEC8589C-B4C1-4C2E-BAAE-291B1A4362C5} = {947D6878-F8E8-443F-B42C-EFC72F972DD4}
		{4D693359-8209-4C62-A4DA-673E8EBD499C} = {4E76D3B2-7AC5-40E7-8342-98ECC9DBB160}
		{D1E8E844-FE42-4267-AB7F-4CC1A0261E2D} = {4E76D3B2-7AC5-40E7-8342-98ECC9DBB160}
		{F8F5090B-A2BC-4831-B28A-4B60A405907A} = {9DE0EEF0-1558-4587-B2E7-E75D2A472092}
		{1223209F-873C-4E2A-A10D-E9A83B106D20} = {9DE0EEF0-1558-4587-B2E7-E75D2A472092}
		{5448239A-0BC5-4583-8A2F-3B0CE18B573F} = {1223209F-873C-4E2A-A10D-E9A83B106D20}
	EndGlobalSection
	GlobalSection(ExtensibilityGlobals) = postSolution
		SolutionGuid = {45D6FF47-3E34-4640-A170-15C3D58BED2F}
	EndGlobalSection
EndGlobal
